
Microsoft Visual Studio Solution File, Format Version 12.00
# Visual Studio Version 16
VisualStudioVersion = 16.0.30011.22
MinimumVisualStudioVersion = 10.0.40219.1
Project("{FAE04EC0-301F-11D3-BF4B-00C04F79EFBC}") = "EASubmitterTester", "EASubmitterTester.csproj", "{A3820F4A-84AA-4DB3-BF7C-A7F3821D5BD8}"
EndProject
Global
	GlobalSection(SolutionConfigurationPlatforms) = preSolution
		Debug|Any CPU = Debug|Any CPU
		Release|Any CPU = Release|Any CPU
	EndGlobalSection
	GlobalSection(ProjectConfigurationPlatforms) = postSolution
		{A3820F4A-84AA-4DB3-BF7C-A7F3821D5BD8}.Debug|Any CPU.ActiveCfg = Debug|Any CPU
		{A3820F4A-84AA-4DB3-BF7C-A7F3821D5BD8}.Debug|Any CPU.Build.0 = Debug|Any CPU
		{A3820F4A-84AA-4DB3-BF7C-A7F3821D5BD8}.Release|Any CPU.ActiveCfg = Release|Any CPU
		{A3820F4A-84AA-4DB3-BF7C-A7F3821D5BD8}.Release|Any CPU.Build.0 = Release|Any CPU
	EndGlobalSection
	GlobalSection(SolutionProperties) = preSolution
		HideSolutionNode = FALSE
	EndGlobalSection
	GlobalSection(ExtensibilityGlobals) = postSolution
		SolutionGuid = {59317FEC-1DB0-4DDA-8682-06A6BB5E152B}
	EndGlobalSection
EndGlobal
